
Microsoft Visual Studio Solution File, Format Version 12.00
# Visual Studio Version 16
VisualStudioVersion = 16.0.29609.76
MinimumVisualStudioVersion = 10.0.40219.1
Project("{FAE04EC0-301F-11D3-BF4B-00C04F79EFBC}") = "Projet_Calculatrice", "Projet_Calculatrice\Projet_Calculatrice.csproj", "{D7A55234-331F-4881-978E-D70F1ABAD697}"
EndProject
Project("{FAE04EC0-301F-11D3-BF4B-00C04F79EFBC}") = "Projet_Calculatrice.Test", "Projet_Calculatrice.Test\Projet_Calculatrice.Test.csproj", "{A6FCC6E1-7635-48CA-BFD3-9212D0FF04E5}"
EndProject
Global
	GlobalSection(SolutionConfigurationPlatforms) = preSolution
		Debug|Any CPU = Debug|Any CPU
		Release|Any CPU = Release|Any CPU
	EndGlobalSection
	GlobalSection(ProjectConfigurationPlatforms) = postSolution
		{D7A55234-331F-4881-978E-D70F1ABAD697}.Debug|Any CPU.ActiveCfg = Debug|Any CPU
		{D7A55234-331F-4881-978E-D70F1ABAD697}.Debug|Any CPU.Build.0 = Debug|Any CPU
		{D7A55234-331F-4881-978E-D70F1ABAD697}.Release|Any CPU.ActiveCfg = Release|Any CPU
		{D7A55234-331F-4881-978E-D70F1ABAD697}.Release|Any CPU.Build.0 = Release|Any CPU
		{A6FCC6E1-7635-48CA-BFD3-9212D0FF04E5}.Debug|Any CPU.ActiveCfg = Debug|Any CPU
		{A6FCC6E1-7635-48CA-BFD3-9212D0FF04E5}.Debug|Any CPU.Build.0 = Debug|Any CPU
		{A6FCC6E1-7635-48CA-BFD3-9212D0FF04E5}.Release|Any CPU.ActiveCfg = Release|Any CPU
		{A6FCC6E1-7635-48CA-BFD3-9212D0FF04E5}.Release|Any CPU.Build.0 = Release|Any CPU
	EndGlobalSection
	GlobalSection(SolutionProperties) = preSolution
		HideSolutionNode = FALSE
	EndGlobalSection
	GlobalSection(ExtensibilityGlobals) = postSolution
		SolutionGuid = {DC531FC6-ADD9-4201-BFD7-7E9097610473}
	EndGlobalSection
EndGlobal
